{
	"name": "@mapbox/jsxtreme-markdown",
	"version": "2.0.0",
	"lockfileVersion": 3,
	"requires": true,
	"packages": {
		"": {
			"name": "@mapbox/jsxtreme-markdown",
			"version": "2.0.0",
			"license": "MIT",
			"dependencies": {
				"balanced-match": "^1.0.0",
				"lodash": "^4.17.15",
				"pascal-case": "^3.1.1",
				"remark-parse": "file:../../vendor/remark-parse",
				"unist-util-visit": "^2.0.2"
			},
			"devDependencies": {
				"react": "^16.13.1",
				"react-dom": "^16.13.1"
			},
			"engines": {
				"node": ">=18",
				"npm": ">=9"
			}
		},
		"../../vendor/remark-parse": {
			"version": "8.0.3",
			"license": "MIT",
			"dependencies": {
				"ccount": "^1.0.0",
				"collapse-white-space": "^1.0.2",
				"is-alphabetical": "^1.0.0",
				"is-decimal": "^1.0.0",
				"is-whitespace-character": "^1.0.0",
				"is-word-character": "^1.0.0",
				"markdown-escapes": "^1.0.0",
				"parse-entities": "^2.0.0",
				"repeat-string": "^1.5.4",
				"state-toggle": "^1.0.0",
				"string.prototype.trim": "^1.2.7",
				"trim-trailing-lines": "^1.0.0",
				"unherit": "^1.0.4",
				"unist-util-remove-position": "^2.0.0",
				"vfile-location": "^3.0.0",
				"xtend": "^4.0.1"
			},
			"funding": {
				"type": "opencollective",
				"url": "https://opencollective.com/unified"
			}
		},
		"../hast-util-to-jsx": {
			"name": "@mapbox/hast-util-to-jsx",
			"version": "2.0.0",
			"extraneous": true,
			"license": "MIT",
			"dependencies": {
				"kebab-case": "^1.0.0",
				"postcss": "^7.0.39",
				"postcss-js": "^2.0.3",
				"property-information": "^5.5.0",
				"react-attr-converter": "^0.3.1",
				"stringify-entities": "^3.0.1",
				"stringify-object": "^3.3.0"
			},
			"devDependencies": {
				"hastscript": "^5.1.2",
				"rehype-parse": "^6.0.2",
				"unified": "^9.2.2",
				"unist-builder": "^2.0.3"
			},
			"engines": {
				"node": ">=18",
				"npm": ">=9"
			}
		},
		"node_modules/@types/unist": {
			"version": "2.0.6",
			"license": "MIT"
		},
		"node_modules/balanced-match": {
			"version": "1.0.2",
			"license": "MIT"
		},
		"node_modules/js-tokens": {
			"version": "4.0.0",
			"dev": true,
			"license": "MIT"
		},
		"node_modules/lodash": {
			"version": "4.17.21",
			"license": "MIT"
		},
		"node_modules/loose-envify": {
			"version": "1.4.0",
			"dev": true,
			"license": "MIT",
			"dependencies": {
				"js-tokens": "^3.0.0 || ^4.0.0"
			},
			"bin": {
				"loose-envify": "cli.js"
			}
		},
		"node_modules/pascal-case": {
			"version": "3.1.2",
			"license": "MIT",
			"dependencies": {
				"no-case": "^3.0.4",
				"tslib": "^2.0.3"
			}
		},
		"node_modules/pascal-case/node_modules/lower-case": {
			"version": "2.0.2",
			"license": "MIT",
			"dependencies": {
				"tslib": "^2.0.3"
			}
		},
		"node_modules/pascal-case/node_modules/no-case": {
			"version": "3.0.4",
			"license": "MIT",
			"dependencies": {
				"lower-case": "^2.0.2",
				"tslib": "^2.0.3"
			}
		},
		"node_modules/pascal-case/node_modules/tslib": {
			"version": "2.2.0",
			"license": "0BSD"
		},
		"node_modules/react": {
			"version": "16.14.0",
			"dev": true,
			"license": "MIT",
			"dependencies": {
				"loose-envify": "^1.1.0",
				"object-assign": "^4.1.1",
				"prop-types": "^15.6.2"
			},
			"engines": {
				"node": ">=0.10.0"
			}
		},
		"node_modules/react-dom": {
			"version": "16.14.0",
			"dev": true,
			"license": "MIT",
			"dependencies": {
				"loose-envify": "^1.1.0",
				"object-assign": "^4.1.1",
				"prop-types": "^15.6.2",
				"scheduler": "^0.19.1"
			},
			"peerDependencies": {
				"react": "^16.14.0"
			}
		},
		"node_modules/react-dom/node_modules/object-assign": {
			"version": "4.1.1",
			"dev": true,
			"license": "MIT",
			"engines": {
				"node": ">=0.10.0"
			}
		},
		"node_modules/react-dom/node_modules/prop-types": {
			"version": "15.7.2",
			"dev": true,
			"license": "MIT",
			"dependencies": {
				"loose-envify": "^1.4.0",
				"object-assign": "^4.1.1",
				"react-is": "^16.8.1"
			}
		},
		"node_modules/react-dom/node_modules/react-is": {
			"version": "16.13.1",
			"dev": true,
			"license": "MIT"
		},
		"node_modules/react-dom/node_modules/scheduler": {
			"version": "0.19.1",
			"dev": true,
			"license": "MIT",
			"dependencies": {
				"loose-envify": "^1.1.0",
				"object-assign": "^4.1.1"
			}
		},
		"node_modules/react/node_modules/object-assign": {
			"version": "4.1.1",
			"dev": true,
			"license": "MIT",
			"engines": {
				"node": ">=0.10.0"
			}
		},
		"node_modules/react/node_modules/prop-types": {
			"version": "15.7.2",
			"dev": true,
			"license": "MIT",
			"dependencies": {
				"loose-envify": "^1.4.0",
				"object-assign": "^4.1.1",
				"react-is": "^16.8.1"
			}
		},
		"node_modules/react/node_modules/react-is": {
			"version": "16.13.1",
			"dev": true,
			"license": "MIT"
		},
		"node_modules/remark-parse": {
			"resolved": "../../vendor/remark-parse",
			"link": true
		},
		"node_modules/unist-util-visit": {
			"version": "2.0.3",
			"license": "MIT",
			"dependencies": {
				"@types/unist": "^2.0.0",
				"unist-util-is": "^4.0.0",
				"unist-util-visit-parents": "^3.0.0"
			},
			"funding": {
				"type": "opencollective",
				"url": "https://opencollective.com/unified"
			}
		},
		"node_modules/unist-util-visit/node_modules/unist-util-is": {
			"version": "4.1.0",
			"license": "MIT",
			"funding": {
				"type": "opencollective",
				"url": "https://opencollective.com/unified"
			}
		},
		"node_modules/unist-util-visit/node_modules/unist-util-visit-parents": {
			"version": "3.1.1",
			"license": "MIT",
			"dependencies": {
				"@types/unist": "^2.0.0",
				"unist-util-is": "^4.0.0"
			},
			"funding": {
				"type": "opencollective",
				"url": "https://opencollective.com/unified"
			}
		}
	}
}
